
Microsoft Visual Studio Solution File, Format Version 12.00
# Visual Studio Version 16
VisualStudioVersion = 16.0.31624.102
MinimumVisualStudioVersion = 10.0.40219.1
Project("{FAE04EC0-301F-11D3-BF4B-00C04F79EFBC}") = "WebApplication1", "WebApplication1\WebApplication1.csproj", "{D7019316-DE42-42D1-8E98-036696416AB6}"
EndProject
Global
	GlobalSection(SolutionConfigurationPlatforms) = preSolution
		Debug|Any CPU = Debug|Any CPU
		Release|Any CPU = Release|Any CPU
	EndGlobalSection
	GlobalSection(ProjectConfigurationPlatforms) = postSolution
		{D7019316-DE42-42D1-8E98-036696416AB6}.Debug|Any CPU.ActiveCfg = Debug|Any CPU
		{D7019316-DE42-42D1-8E98-036696416AB6}.Debug|Any CPU.Build.0 = Debug|Any CPU
		{D7019316-DE42-42D1-8E98-036696416AB6}.Release|Any CPU.ActiveCfg = Release|Any CPU
		{D7019316-DE42-42D1-8E98-036696416AB6}.Release|Any CPU.Build.0 = Release|Any CPU
	EndGlobalSection
	GlobalSection(SolutionProperties) = preSolution
		HideSolutionNode = FALSE
	EndGlobalSection
	GlobalSection(ExtensibilityGlobals) = postSolution
		SolutionGuid = {54CCEE16-C926-4F3F-BCC4-075E43B0E830}
	EndGlobalSection
EndGlobal
